<?xml version="1.0" encoding="utf-8"?>
<Project ToolsVersion="4.0" xmlns="http://schemas.microsoft.com/developer/msbuild/2003">
  <ItemGroup>
    <ClCompile Include="Main.cpp" />
    <ClCompile Include="Pch.cpp">
      <Filter>DrawUtil\Pch</Filter>
    </ClCompile>
    <ClCompile Include="Simulator2D.cpp">
      <Filter>Simulator2D</Filter>
    </ClCompile>
    <ClCompile Include="Random.cpp">
      <Filter>Random</Filter>
    </ClCompile>
    <ClCompile Include="Utilities.cpp">
      <Filter>Utilities</Filter>
    </ClCompile>
    <ClCompile Include="tinyfiledialogs.cpp">
      <Filter>File Dialog</Filter>
    </ClCompile>
    <ClCompile Include="Hopcroft.cpp">
      <Filter>Hopcroft</Filter>
    </ClCompile>
    <ClCompile Include="Agent.cpp">
      <Filter>Simulator2D\Agent2D</Filter>
    </ClCompile>
    <ClCompile Include="NavigatorRVO2.cpp">
      <Filter>Simulator2D\Navigators\rvo2</Filter>
    </ClCompile>
    <ClCompile Include="DrawUtil.cpp">
      <Filter>DrawUtil</Filter>
    </ClCompile>
    <ClCompile Include="NavigatorCamposPotenciais.cpp">
      <Filter>Simulator2D\Navigators\Campos Potenciais</Filter>
    </ClCompile>
    <ClCompile Include="Goal.cpp">
      <Filter>Simulator2D\Goal</Filter>
    </ClCompile>
    <ClCompile Include="NavigatorInterface.cpp">
      <Filter>Simulator2D\Navigators</Filter>
    </ClCompile>
  </ItemGroup>
  <ItemGroup>
    <Filter Include="Simulator3D">
      <UniqueIdentifier>{a2a9c5c8-c8d3-467f-a708-c4d01f74b656}</UniqueIdentifier>
    </Filter>
    <Filter Include="Simulator2D">
      <UniqueIdentifier>{78982bce-627e-4218-b57d-d80c806badb1}</UniqueIdentifier>
    </Filter>
    <Filter Include="Random">
      <UniqueIdentifier>{f64968b6-e830-4712-88fc-d2e0af0049d1}</UniqueIdentifier>
    </Filter>
    <Filter Include="Hopcroft">
      <UniqueIdentifier>{42d3a841-9fe6-413e-ac3d-c6a679225a59}</UniqueIdentifier>
    </Filter>
    <Filter Include="Utilities">
      <UniqueIdentifier>{4e774e9f-c3d8-4197-a418-812d5eb2b854}</UniqueIdentifier>
    </Filter>
    <Filter Include="File Dialog">
      <UniqueIdentifier>{c72bee48-dbfc-4b38-b90f-90e2c15674f0}</UniqueIdentifier>
    </Filter>
    <Filter Include="Logger">
      <UniqueIdentifier>{1bb16075-30d0-48fa-9ca1-21c768f0557b}</UniqueIdentifier>
    </Filter>
    <Filter Include="Simulator2D\Goal">
      <UniqueIdentifier>{a113a22f-4637-423d-b9b3-c692e2fbea44}</UniqueIdentifier>
    </Filter>
    <Filter Include="Simulator2D\Agent2D">
      <UniqueIdentifier>{2f2e9312-6d06-4fba-a3c4-5ed6673323e2}</UniqueIdentifier>
    </Filter>
    <Filter Include="DrawUtil">
      <UniqueIdentifier>{e9853e7a-27e8-4f1d-8759-06c03dae2d67}</UniqueIdentifier>
    </Filter>
    <Filter Include="DrawUtil\Pch">
      <UniqueIdentifier>{6ec6d48e-35a4-4953-8f6b-b285ed91d1c7}</UniqueIdentifier>
    </Filter>
    <Filter Include="Simulator2D\vec2">
      <UniqueIdentifier>{f9be909d-ae22-4f69-b89e-0cf25fbe49d4}</UniqueIdentifier>
    </Filter>
    <Filter Include="Simulator2D\Navigators">
      <UniqueIdentifier>{5e006226-520d-475e-b6d5-0003b86fb9e4}</UniqueIdentifier>
    </Filter>
    <Filter Include="Simulator2D\Navigators\Campos Potenciais">
      <UniqueIdentifier>{10ee16e9-461a-4ade-84ba-edc88c8c4c78}</UniqueIdentifier>
    </Filter>
    <Filter Include="Simulator2D\Navigators\rvo2">
      <UniqueIdentifier>{835b72e5-305f-4f38-aae4-bf10e46cb886}</UniqueIdentifier>
    </Filter>
  </ItemGroup>
  <ItemGroup>
    <ClInclude Include="Pch.hpp">
      <Filter>DrawUtil\Pch</Filter>
    </ClInclude>
    <ClInclude Include="Simulator2D.hpp">
      <Filter>Simulator2D</Filter>
    </ClInclude>
    <ClInclude Include="Random.hpp">
      <Filter>Random</Filter>
    </ClInclude>
    <ClInclude Include="Hopcroft.hpp">
      <Filter>Hopcroft</Filter>
    </ClInclude>
    <ClInclude Include="Utilities.hpp">
      <Filter>Utilities</Filter>
    </ClInclude>
    <ClInclude Include="tinyfiledialogs.h">
      <Filter>File Dialog</Filter>
    </ClInclude>
    <ClInclude Include="Logger.hpp">
      <Filter>Logger</Filter>
    </ClInclude>
    <ClInclude Include="TemplateUtils.hpp" />
    <ClInclude Include="DefineUtils.hpp" />
    <ClInclude Include="vec2.hpp">
      <Filter>Simulator2D\vec2</Filter>
    </ClInclude>
    <ClInclude Include="Agent.hpp">
      <Filter>Simulator2D\Agent2D</Filter>
    </ClInclude>
    <ClInclude Include="Goal.hpp">
      <Filter>Simulator2D\Goal</Filter>
    </ClInclude>
    <ClInclude Include="NavigatorRVO2.hpp">
      <Filter>Simulator2D\Navigators\rvo2</Filter>
    </ClInclude>
    <ClInclude Include="NavigatorCamposPotenciais.hpp">
      <Filter>Simulator2D\Navigators\Campos Potenciais</Filter>
    </ClInclude>
    <ClInclude Include="DrawUtil.hpp">
      <Filter>DrawUtil</Filter>
    </ClInclude>
    <ClInclude Include="NavigatorInterface.hpp">
      <Filter>Simulator2D\Navigators</Filter>
    </ClInclude>
  </ItemGroup>
</Project>