<?xml version="1.0" encoding="utf-8"?>
<Project ToolsVersion="4.0" xmlns="http://schemas.microsoft.com/developer/msbuild/2003">
  <ItemGroup>
    <ClCompile Include="Main.cpp" />
    <ClCompile Include="Pch.cpp">
      <Filter>Pch</Filter>
    </ClCompile>
    <ClCompile Include="Simulator2D.cpp">
      <Filter>Simulator2D</Filter>
    </ClCompile>
    <ClCompile Include="Random.cpp">
      <Filter>Random</Filter>
    </ClCompile>
    <ClCompile Include="Utilities.cpp">
      <Filter>Utilities</Filter>
    </ClCompile>
    <ClCompile Include="tinyfiledialogs.cpp">
      <Filter>File Dialog</Filter>
    </ClCompile>
    <ClCompile Include="Hopcroft.cpp">
      <Filter>Hopcroft</Filter>
    </ClCompile>
    <ClCompile Include="Agent.cpp">
      <Filter>Simulator2D\Agent2D</Filter>
    </ClCompile>
    <ClCompile Include="NavigatorRVO2.cpp">
      <Filter>Simulator2D\Navigators\rvo2</Filter>
    </ClCompile>
    <ClCompile Include="DrawUtil.cpp">
      <Filter>DrawUtil</Filter>
    </ClCompile>
    <ClCompile Include="NavigatorCamposPotenciais.cpp">
      <Filter>Simulator2D\Navigators\Campos Potenciais</Filter>
    </ClCompile>
    <ClCompile Include="Goal.cpp">
      <Filter>Simulator2D\Goal</Filter>
    </ClCompile>
    <ClCompile Include="NavigatorInterface.cpp">
      <Filter>Simulator2D\Navigators</Filter>
    </ClCompile>
    <ClCompile Include="SelectableEdge.cpp">
      <Filter>Simulator2D\SelectableEdge</Filter>
    </ClCompile>
    <ClCompile Include="OpenCVSFML.cpp">
      <Filter>OpenCVSFML</Filter>
    </ClCompile>
    <ClCompile Include="FileExplorer.cpp">
      <Filter>FileExplorer</Filter>
    </ClCompile>
    <ClCompile Include="Application.cpp">
      <Filter>Application</Filter>
    </ClCompile>
    <ClCompile Include="Hungarian.cpp">
      <Filter>Hungarian</Filter>
    </ClCompile>
    <ClCompile Include="Voronoi.cpp">
      <Filter>Voronoi</Filter>
    </ClCompile>
    <ClCompile Include="NavigatorVoronoi.cpp">
      <Filter>Simulator2D\Navigators\NavigatorVoronoi</Filter>
    </ClCompile>
    <ClCompile Include="VoronoiInfo.cpp">
      <Filter>VoronoiInfo</Filter>
    </ClCompile>
    <ClCompile Include="ImgViewer.cpp">
      <Filter>ViewerBase\ImgViewer</Filter>
    </ClCompile>
    <ClCompile Include="PreviewVoronoi.cpp">
      <Filter>Previewer\PreviewVoronoi</Filter>
    </ClCompile>
    <ClCompile Include="PreviewHex.cpp">
      <Filter>Previewer\PreviewHex</Filter>
    </ClCompile>
    <ClCompile Include="Previewer.cpp">
      <Filter>Previewer</Filter>
    </ClCompile>
    <ClCompile Include="ViewerBase.cpp">
      <Filter>ViewerBase</Filter>
    </ClCompile>
    <ClCompile Include="Sequencer.cpp">
      <Filter>Sequencer</Filter>
    </ClCompile>
  </ItemGroup>
  <ItemGroup>
    <Filter Include="Hopcroft">
      <UniqueIdentifier>{42d3a841-9fe6-413e-ac3d-c6a679225a59}</UniqueIdentifier>
    </Filter>
    <Filter Include="Utilities">
      <UniqueIdentifier>{4e774e9f-c3d8-4197-a418-812d5eb2b854}</UniqueIdentifier>
    </Filter>
    <Filter Include="File Dialog">
      <UniqueIdentifier>{c72bee48-dbfc-4b38-b90f-90e2c15674f0}</UniqueIdentifier>
    </Filter>
    <Filter Include="Logger">
      <UniqueIdentifier>{1bb16075-30d0-48fa-9ca1-21c768f0557b}</UniqueIdentifier>
    </Filter>
    <Filter Include="DrawUtil">
      <UniqueIdentifier>{e9853e7a-27e8-4f1d-8759-06c03dae2d67}</UniqueIdentifier>
    </Filter>
    <Filter Include="ElemSelected">
      <UniqueIdentifier>{bd6f6231-09a6-4167-991f-7fcc2e64150a}</UniqueIdentifier>
    </Filter>
    <Filter Include="Random">
      <UniqueIdentifier>{f64968b6-e830-4712-88fc-d2e0af0049d1}</UniqueIdentifier>
    </Filter>
    <Filter Include="Pch">
      <UniqueIdentifier>{6ec6d48e-35a4-4953-8f6b-b285ed91d1c7}</UniqueIdentifier>
    </Filter>
    <Filter Include="OpenCVSFML">
      <UniqueIdentifier>{7675fd6e-725d-4a55-94d1-57eec9db385f}</UniqueIdentifier>
    </Filter>
    <Filter Include="FileExplorer">
      <UniqueIdentifier>{73d2b633-05ed-4782-9b46-cc062653d21a}</UniqueIdentifier>
    </Filter>
    <Filter Include="Application">
      <UniqueIdentifier>{ce39d046-129c-4e09-bd4f-ca945509d976}</UniqueIdentifier>
    </Filter>
    <Filter Include="Hungarian">
      <UniqueIdentifier>{d5340967-841d-4277-9a97-a364dcd8fb24}</UniqueIdentifier>
    </Filter>
    <Filter Include="Simulator2D">
      <UniqueIdentifier>{78982bce-627e-4218-b57d-d80c806badb1}</UniqueIdentifier>
    </Filter>
    <Filter Include="Simulator2D\Goal">
      <UniqueIdentifier>{a113a22f-4637-423d-b9b3-c692e2fbea44}</UniqueIdentifier>
    </Filter>
    <Filter Include="Simulator2D\Agent2D">
      <UniqueIdentifier>{2f2e9312-6d06-4fba-a3c4-5ed6673323e2}</UniqueIdentifier>
    </Filter>
    <Filter Include="Simulator2D\vec2">
      <UniqueIdentifier>{f9be909d-ae22-4f69-b89e-0cf25fbe49d4}</UniqueIdentifier>
    </Filter>
    <Filter Include="Simulator2D\Navigators">
      <UniqueIdentifier>{5e006226-520d-475e-b6d5-0003b86fb9e4}</UniqueIdentifier>
    </Filter>
    <Filter Include="Simulator2D\Navigators\Campos Potenciais">
      <UniqueIdentifier>{10ee16e9-461a-4ade-84ba-edc88c8c4c78}</UniqueIdentifier>
    </Filter>
    <Filter Include="Simulator2D\Navigators\rvo2">
      <UniqueIdentifier>{835b72e5-305f-4f38-aae4-bf10e46cb886}</UniqueIdentifier>
    </Filter>
    <Filter Include="Simulator2D\SelectableEdge">
      <UniqueIdentifier>{7bd90430-b943-49f9-a064-ea787fc2eb24}</UniqueIdentifier>
    </Filter>
    <Filter Include="Voronoi">
      <UniqueIdentifier>{76f0c10b-54a0-4aea-9d7d-2149e7112c4d}</UniqueIdentifier>
    </Filter>
    <Filter Include="Simulator2D\Navigators\NavigatorVoronoi">
      <UniqueIdentifier>{3863d45e-e7f4-4a1d-813e-5ab35b179e38}</UniqueIdentifier>
    </Filter>
    <Filter Include="VoronoiInfo">
      <UniqueIdentifier>{58c27da4-2884-4dba-b629-66f89ee82c90}</UniqueIdentifier>
    </Filter>
    <Filter Include="ViewerBase">
      <UniqueIdentifier>{40683c34-45b7-4949-a8da-aca55dc1b758}</UniqueIdentifier>
    </Filter>
    <Filter Include="ViewerBase\ImgViewer">
      <UniqueIdentifier>{59156218-241f-4aae-96b9-a2c6e98d3460}</UniqueIdentifier>
    </Filter>
    <Filter Include="Previewer">
      <UniqueIdentifier>{ef0c8ac3-397e-4a95-89ba-c986020c69ee}</UniqueIdentifier>
    </Filter>
    <Filter Include="Previewer\PreviewHex">
      <UniqueIdentifier>{0f497619-1b3d-410d-b647-0ca6087a8919}</UniqueIdentifier>
    </Filter>
    <Filter Include="Previewer\PreviewVoronoi">
      <UniqueIdentifier>{f0eae648-f15d-4b2d-8bc5-705a3660264d}</UniqueIdentifier>
    </Filter>
    <Filter Include="Sequencer">
      <UniqueIdentifier>{925de4a4-b332-4a45-80ee-3abd18b18621}</UniqueIdentifier>
    </Filter>
  </ItemGroup>
  <ItemGroup>
    <ClInclude Include="Pch.hpp">
      <Filter>Pch</Filter>
    </ClInclude>
    <ClInclude Include="Simulator2D.hpp">
      <Filter>Simulator2D</Filter>
    </ClInclude>
    <ClInclude Include="Random.hpp">
      <Filter>Random</Filter>
    </ClInclude>
    <ClInclude Include="Hopcroft.hpp">
      <Filter>Hopcroft</Filter>
    </ClInclude>
    <ClInclude Include="Utilities.hpp">
      <Filter>Utilities</Filter>
    </ClInclude>
    <ClInclude Include="tinyfiledialogs.h">
      <Filter>File Dialog</Filter>
    </ClInclude>
    <ClInclude Include="Logger.hpp">
      <Filter>Logger</Filter>
    </ClInclude>
    <ClInclude Include="TemplateUtils.hpp" />
    <ClInclude Include="DefineUtils.hpp" />
    <ClInclude Include="vec2.hpp">
      <Filter>Simulator2D\vec2</Filter>
    </ClInclude>
    <ClInclude Include="Agent.hpp">
      <Filter>Simulator2D\Agent2D</Filter>
    </ClInclude>
    <ClInclude Include="Goal.hpp">
      <Filter>Simulator2D\Goal</Filter>
    </ClInclude>
    <ClInclude Include="NavigatorRVO2.hpp">
      <Filter>Simulator2D\Navigators\rvo2</Filter>
    </ClInclude>
    <ClInclude Include="NavigatorCamposPotenciais.hpp">
      <Filter>Simulator2D\Navigators\Campos Potenciais</Filter>
    </ClInclude>
    <ClInclude Include="DrawUtil.hpp">
      <Filter>DrawUtil</Filter>
    </ClInclude>
    <ClInclude Include="NavigatorInterface.hpp">
      <Filter>Simulator2D\Navigators</Filter>
    </ClInclude>
    <ClInclude Include="SelectableEdge.hpp">
      <Filter>Simulator2D\SelectableEdge</Filter>
    </ClInclude>
    <ClInclude Include="ElemSelected.hpp">
      <Filter>ElemSelected</Filter>
    </ClInclude>
    <ClInclude Include="OpenCVSFML.hpp">
      <Filter>OpenCVSFML</Filter>
    </ClInclude>
    <ClInclude Include="FileExplorer.hpp">
      <Filter>FileExplorer</Filter>
    </ClInclude>
    <ClInclude Include="Application.hpp">
      <Filter>Application</Filter>
    </ClInclude>
    <ClInclude Include="Hungarian.hpp">
      <Filter>Hungarian</Filter>
    </ClInclude>
    <ClInclude Include="jc_voronoi.h">
      <Filter>Voronoi</Filter>
    </ClInclude>
    <ClInclude Include="Voronoi.hpp">
      <Filter>Voronoi</Filter>
    </ClInclude>
    <ClInclude Include="NavigatorVoronoi.hpp">
      <Filter>Simulator2D\Navigators\NavigatorVoronoi</Filter>
    </ClInclude>
    <ClInclude Include="VoronoiInfo.hpp">
      <Filter>VoronoiInfo</Filter>
    </ClInclude>
    <ClInclude Include="ImgViewer.hpp">
      <Filter>ViewerBase\ImgViewer</Filter>
    </ClInclude>
    <ClInclude Include="ViewerBase.hpp">
      <Filter>ViewerBase</Filter>
    </ClInclude>
    <ClInclude Include="Previewer.hpp">
      <Filter>Previewer</Filter>
    </ClInclude>
    <ClInclude Include="PreviewHex.hpp">
      <Filter>Previewer\PreviewHex</Filter>
    </ClInclude>
    <ClInclude Include="PreviewVoronoi.hpp">
      <Filter>Previewer\PreviewVoronoi</Filter>
    </ClInclude>
    <ClInclude Include="Sequencer.hpp">
      <Filter>Sequencer</Filter>
    </ClInclude>
  </ItemGroup>
</Project>