<?xml version="1.0" encoding="utf-8"?>
<Project ToolsVersion="4.0" xmlns="http://schemas.microsoft.com/developer/msbuild/2003">
  <ItemGroup>
    <ClCompile Include="Main.cpp" />
    <ClCompile Include="Pch.cpp">
      <Filter>Pch</Filter>
    </ClCompile>
    <ClCompile Include="Simulator2D.cpp">
      <Filter>Simulator2D</Filter>
    </ClCompile>
    <ClCompile Include="Random.cpp">
      <Filter>Random</Filter>
    </ClCompile>
    <ClCompile Include="Hungarian.cpp">
      <Filter>Hungarian</Filter>
    </ClCompile>
    <ClCompile Include="Utilities.cpp">
      <Filter>Utilities</Filter>
    </ClCompile>
    <ClCompile Include="tinyfiledialogs.cpp">
      <Filter>File Dialog</Filter>
    </ClCompile>
    <ClCompile Include="Hopcroft.cpp">
      <Filter>Hopcroft</Filter>
    </ClCompile>
  </ItemGroup>
  <ItemGroup>
    <Filter Include="Pch">
      <UniqueIdentifier>{6ec6d48e-35a4-4953-8f6b-b285ed91d1c7}</UniqueIdentifier>
    </Filter>
    <Filter Include="Simulator3D">
      <UniqueIdentifier>{a2a9c5c8-c8d3-467f-a708-c4d01f74b656}</UniqueIdentifier>
    </Filter>
    <Filter Include="Simulator2D">
      <UniqueIdentifier>{78982bce-627e-4218-b57d-d80c806badb1}</UniqueIdentifier>
    </Filter>
    <Filter Include="Random">
      <UniqueIdentifier>{f64968b6-e830-4712-88fc-d2e0af0049d1}</UniqueIdentifier>
    </Filter>
    <Filter Include="Hungarian">
      <UniqueIdentifier>{9b503020-7753-4497-9975-0131a176b135}</UniqueIdentifier>
    </Filter>
    <Filter Include="Hopcroft">
      <UniqueIdentifier>{42d3a841-9fe6-413e-ac3d-c6a679225a59}</UniqueIdentifier>
    </Filter>
    <Filter Include="Utilities">
      <UniqueIdentifier>{4e774e9f-c3d8-4197-a418-812d5eb2b854}</UniqueIdentifier>
    </Filter>
    <Filter Include="File Dialog">
      <UniqueIdentifier>{c72bee48-dbfc-4b38-b90f-90e2c15674f0}</UniqueIdentifier>
    </Filter>
    <Filter Include="imgui">
      <UniqueIdentifier>{66837398-d0bd-4fb4-903c-9107c5dbdc4e}</UniqueIdentifier>
    </Filter>
    <Filter Include="Logger">
      <UniqueIdentifier>{1bb16075-30d0-48fa-9ca1-21c768f0557b}</UniqueIdentifier>
    </Filter>
  </ItemGroup>
  <ItemGroup>
    <ClInclude Include="Pch.hpp">
      <Filter>Pch</Filter>
    </ClInclude>
    <ClInclude Include="Simulator2D.hpp">
      <Filter>Simulator2D</Filter>
    </ClInclude>
    <ClInclude Include="Random.hpp">
      <Filter>Random</Filter>
    </ClInclude>
    <ClInclude Include="Hungarian.h">
      <Filter>Hungarian</Filter>
    </ClInclude>
    <ClInclude Include="Hopcroft.hpp">
      <Filter>Hopcroft</Filter>
    </ClInclude>
    <ClInclude Include="Utilities.hpp">
      <Filter>Utilities</Filter>
    </ClInclude>
    <ClInclude Include="tinyfiledialogs.h">
      <Filter>File Dialog</Filter>
    </ClInclude>
    <ClInclude Include="Logger.hpp">
      <Filter>Logger</Filter>
    </ClInclude>
  </ItemGroup>
</Project>