<?xml version="1.0" encoding="utf-8"?>
<Project ToolsVersion="4.0" xmlns="http://schemas.microsoft.com/developer/msbuild/2003">
  <ItemGroup>
    <ClCompile Include="Agent.cpp" />
    <ClCompile Include="KdTree.cpp" />
    <ClCompile Include="Obstacle.cpp" />
    <ClCompile Include="RVOSimulator.cpp" />
  </ItemGroup>
  <ItemGroup>
    <ClInclude Include="Agent.h" />
    <ClInclude Include="Definitions.h" />
    <ClInclude Include="KdTree.h" />
    <ClInclude Include="Obstacle.h" />
    <ClInclude Include="RVO.h" />
    <ClInclude Include="RVOSimulator.h" />
    <ClInclude Include="Vector2.h" />
  </ItemGroup>
</Project>